
Microsoft Visual Studio Solution File, Format Version 12.00
# Visual Studio 14
VisualStudioVersion = 14.0.22609.0
MinimumVisualStudioVersion = 10.0.40219.1
Project("{FAE04EC0-301F-11D3-BF4B-00C04F79EFBC}") = "Kfstorm.DoubanFM.Core", "Kfstorm.DoubanFM.Core\Kfstorm.DoubanFM.Core.csproj", "{36B93A30-5EF2-4512-9E81-EB3725796DC8}"
EndProject
Project("{FAE04EC0-301F-11D3-BF4B-00C04F79EFBC}") = "Kfstorm.DoubanFM.Core.UnitTest", "Kfstorm.DoubanFM.Core.UnitTest\Kfstorm.DoubanFM.Core.UnitTest.csproj", "{D54F3429-90CE-458D-9A57-5A67BBA31115}"
EndProject
Project("{FAE04EC0-301F-11D3-BF4B-00C04F79EFBC}") = "WpfClientSample", "WpfClientSample\WpfClientSample.csproj", "{F495CF95-FCB2-465E-9CBB-05F1917A68D5}"
EndProject
Project("{FAE04EC0-301F-11D3-BF4B-00C04F79EFBC}") = "Kfstorm.DoubanFM.Core.FunctionalTest", "Kfstorm.DoubanFM.Core.FunctionalTest\Kfstorm.DoubanFM.Core.FunctionalTest.csproj", "{73E8EDFF-B9BF-4B5A-B1C0-F5611E873B43}"
EndProject
Global
	GlobalSection(SolutionConfigurationPlatforms) = preSolution
		Debug|Any CPU = Debug|Any CPU
		Release|Any CPU = Release|Any CPU
	EndGlobalSection
	GlobalSection(ProjectConfigurationPlatforms) = postSolution
		{36B93A30-5EF2-4512-9E81-EB3725796DC8}.Debug|Any CPU.ActiveCfg = Debug|Any CPU
		{36B93A30-5EF2-4512-9E81-EB3725796DC8}.Debug|Any CPU.Build.0 = Debug|Any CPU
		{36B93A30-5EF2-4512-9E81-EB3725796DC8}.Release|Any CPU.ActiveCfg = Release|Any CPU
		{36B93A30-5EF2-4512-9E81-EB3725796DC8}.Release|Any CPU.Build.0 = Release|Any CPU
		{D54F3429-90CE-458D-9A57-5A67BBA31115}.Debug|Any CPU.ActiveCfg = Debug|Any CPU
		{D54F3429-90CE-458D-9A57-5A67BBA31115}.Debug|Any CPU.Build.0 = Debug|Any CPU
		{D54F3429-90CE-458D-9A57-5A67BBA31115}.Release|Any CPU.ActiveCfg = Release|Any CPU
		{D54F3429-90CE-458D-9A57-5A67BBA31115}.Release|Any CPU.Build.0 = Release|Any CPU
		{F495CF95-FCB2-465E-9CBB-05F1917A68D5}.Debug|Any CPU.ActiveCfg = Debug|Any CPU
		{F495CF95-FCB2-465E-9CBB-05F1917A68D5}.Debug|Any CPU.Build.0 = Debug|Any CPU
		{F495CF95-FCB2-465E-9CBB-05F1917A68D5}.Release|Any CPU.ActiveCfg = Release|Any CPU
		{F495CF95-FCB2-465E-9CBB-05F1917A68D5}.Release|Any CPU.Build.0 = Release|Any CPU
		{73E8EDFF-B9BF-4B5A-B1C0-F5611E873B43}.Debug|Any CPU.ActiveCfg = Debug|Any CPU
		{73E8EDFF-B9BF-4B5A-B1C0-F5611E873B43}.Debug|Any CPU.Build.0 = Debug|Any CPU
		{73E8EDFF-B9BF-4B5A-B1C0-F5611E873B43}.Release|Any CPU.ActiveCfg = Release|Any CPU
		{73E8EDFF-B9BF-4B5A-B1C0-F5611E873B43}.Release|Any CPU.Build.0 = Release|Any CPU
	EndGlobalSection
	GlobalSection(SolutionProperties) = preSolution
		HideSolutionNode = FALSE
	EndGlobalSection
EndGlobal
